
Microsoft Visual Studio Solution File, Format Version 12.00
# Visual Studio Version 17
VisualStudioVersion = 17.10.34916.146
MinimumVisualStudioVersion = 10.0.40219.1
Project("{FAE04EC0-301F-11D3-BF4B-00C04F79EFBC}") = "Auto SSH Upload", "Auto SSH Upload\Auto SSH Upload.csproj", "{BF0B25ED-2763-4DDC-A26D-4FBA857CC7F8}"
EndProject
Global
	GlobalSection(SolutionConfigurationPlatforms) = preSolution
		Debug|Any CPU = Debug|Any CPU
		Release|Any CPU = Release|Any CPU
	EndGlobalSection
	GlobalSection(ProjectConfigurationPlatforms) = postSolution
		{BF0B25ED-2763-4DDC-A26D-4FBA857CC7F8}.Debug|Any CPU.ActiveCfg = Debug|Any CPU
		{BF0B25ED-2763-4DDC-A26D-4FBA857CC7F8}.Debug|Any CPU.Build.0 = Debug|Any CPU
		{BF0B25ED-2763-4DDC-A26D-4FBA857CC7F8}.Release|Any CPU.ActiveCfg = Release|Any CPU
		{BF0B25ED-2763-4DDC-A26D-4FBA857CC7F8}.Release|Any CPU.Build.0 = Release|Any CPU
	EndGlobalSection
	GlobalSection(SolutionProperties) = preSolution
		HideSolutionNode = FALSE
	EndGlobalSection
	GlobalSection(ExtensibilityGlobals) = postSolution
		SolutionGuid = {2AE8ED73-8D54-4C52-9396-FF60B6789F2F}
	EndGlobalSection
EndGlobal
